%{
  "complex": {:hex, :complex, "0.4.2", "923e5db0be13dbb3ea00cf8459d9f75f3afdd9ff5a82742ded21064330d28273", [:mix], [], "hexpm", "069a085ef820ce675a2619fd125b963ff4514af2102c7f7d7965128e5ec0a429"},
  "elixir_make": {:hex, :elixir_make, "0.6.3", "bc07d53221216838d79e03a8019d0839786703129599e9619f4ab74c8c096eac", [:mix], [], "hexpm", "f5cbd651c5678bcaabdbb7857658ee106b12509cd976c2c2fca99688e1daf716"},
  "jason": {:hex, :jason, "1.4.0", "e855647bc964a44e2f67df589ccf49105ae039d4179db7f6271dfd3843dc27e6", [:mix], [{:decimal, "~> 1.0 or ~> 2.0", [hex: :decimal, repo: "hexpm", optional: true]}], "hexpm", "79a3791085b2a0f743ca04cec0f7be26443738779d09302e01318f97bdb82121"},
  "netcdf_nif": {:hex, :netcdf_nif, "0.1.2", "f151d95529b17510ab6ed522315609f3f36c5ab39a63205c7e8e540d61b8d076", [:mix, :rebar3], [], "hexpm", "bc10e0123cf80081300e937c4d7a81e9a2533b084d416f9dfb39dfa24ab07bac"},
  "nx": {:hex, :nx, "0.3.0", "12448769619ed1442e22bd198faf4629ae3d0ee3ed565e42be49829cc42bf35f", [:mix], [{:complex, "~> 0.4.2", [hex: :complex, repo: "hexpm", optional: false]}], "hexpm", "d08d8962f4379ade54281aad84c45cb7eb0118b406fc836f07b94acc40df5859"},
  "rustler": {:hex, :rustler, "0.26.0", "06a2773d453ee3e9109efda643cf2ae633dedea709e2455ac42b83637c9249bf", [:mix], [{:jason, "~> 1.0", [hex: :jason, repo: "hexpm", optional: false]}, {:toml, "~> 0.6", [hex: :toml, repo: "hexpm", optional: false]}], "hexpm", "42961e9d2083d004d5a53e111ad1f0c347efd9a05cb2eb2ffa1d037cdc74db91"},
  "toml": {:hex, :toml, "0.6.2", "38f445df384a17e5d382befe30e3489112a48d3ba4c459e543f748c2f25dd4d1", [:mix], [], "hexpm", "d013e45126d74c0c26a38d31f5e8e9b83ea19fc752470feb9a86071ca5a672fa"},
}
